{
    "version": 3,
    "terraform_version": "0.9.6",
    "serial": 18,
    "lineage": "95724847-ce76-494d-a6ae-85478f36cc56",
    "modules": [
        {
            "path": [
                "root"
            ],
            "outputs": {},
            "resources": {},
            "depends_on": []
        },
        {
            "path": [
                "root",
                "ec2"
            ],
            "outputs": {},
            "resources": {
                "aws_key_pair.mvlbarcelos": {
                    "type": "aws_key_pair",
                    "depends_on": [],
                    "primary": {
                        "id": "key-hello-world",
                        "attributes": {
                            "id": "key-hello-world",
                            "key_name": "key-hello-world",
                            "public_key": "ssh-rsa AAAAB3NzaC1yc2EAAAADAQABAAABAQC93cB0pFLdcRqRMEp2EST/lTpm5YIVTUU3BbXisShYb2nEuooHME9A3h1/GSG1YdEZy8I9SzDOOgSZEK5CrPhr1p2jvB8XzEVTJZX2Gqc9BF0rB0inNhTIEKZqgeFnuzdR8UGVRIWqLel3E1BDviTlleffpAloWsWF0ZdvI1I63usHXMpBrG9giU71jr5v9p81h4GfNG0ckqMdpScBANhUlemFbLaRLtkn7SNplrhd6/0yJ7nwMH+T/7RcedwP1YkI0zHNHHCDd6pPtsDcHuhMjU04GUr51P+/loLwWDGN8RazlDkFE7n15SfjrJKTE4BBVFFW1Nj4Qc309FHxb69r mvlbarcelos@gmail.com"
                        },
                        "meta": {
                            "schema_version": "1"
                        },
                        "tainted": false
                    },
                    "deposed": [],
                    "provider": ""
                }
            },
            "depends_on": []
        },
        {
            "path": [
                "root",
                "network"
            ],
            "outputs": {
                "depends_id": {
                    "sensitive": false,
                    "type": "string",
                    "value": "3459412881013302717"
                },
                "private_subnet_ids": {
                    "sensitive": false,
                    "type": "list",
                    "value": [
                        "subnet-85af83ed",
                        "subnet-e729429d"
                    ]
                },
                "public_subnet_ids": {
                    "sensitive": false,
                    "type": "list",
                    "value": [
                        "subnet-e2a8848a",
                        "subnet-a92b40d3"
                    ]
                },
                "vpc_cidr": {
                    "sensitive": false,
                    "type": "string",
                    "value": "172.16.0.0/16"
                },
                "vpc_id": {
                    "sensitive": false,
                    "type": "string",
                    "value": "vpc-acd5b4c4"
                }
            },
            "resources": {
                "aws_route.private_nat_route.0": {
                    "type": "aws_route",
                    "depends_on": [
                        "module.nat",
                        "module.private_subnet"
                    ],
                    "primary": {
                        "id": "r-rtb-50f3ab381080289494",
                        "attributes": {
                            "destination_cidr_block": "0.0.0.0/0",
                            "destination_prefix_list_id": "",
                            "egress_only_gateway_id": "",
                            "gateway_id": "",
                            "id": "r-rtb-50f3ab381080289494",
                            "instance_id": "",
                            "instance_owner_id": "",
                            "nat_gateway_id": "nat-04c7166172eef543a",
                            "network_interface_id": "",
                            "origin": "CreateRoute",
                            "route_table_id": "rtb-50f3ab38",
                            "state": "active",
                            "vpc_peering_connection_id": ""
                        },
                        "meta": {},
                        "tainted": false
                    },
                    "deposed": [],
                    "provider": ""
                },
                "aws_route.private_nat_route.1": {
                    "type": "aws_route",
                    "depends_on": [
                        "module.nat",
                        "module.private_subnet"
                    ],
                    "primary": {
                        "id": "r-rtb-14f2aa7c1080289494",
                        "attributes": {
                            "destination_cidr_block": "0.0.0.0/0",
                            "destination_prefix_list_id": "",
                            "egress_only_gateway_id": "",
                            "gateway_id": "",
                            "id": "r-rtb-14f2aa7c1080289494",
                            "instance_id": "",
                            "instance_owner_id": "",
                            "nat_gateway_id": "nat-0ef8e84a8792bb4b1",
                            "network_interface_id": "",
                            "origin": "CreateRoute",
                            "route_table_id": "rtb-14f2aa7c",
                            "state": "active",
                            "vpc_peering_connection_id": ""
                        },
                        "meta": {},
                        "tainted": false
                    },
                    "deposed": [],
                    "provider": ""
                },
                "aws_route.public_igw_route.0": {
                    "type": "aws_route",
                    "depends_on": [
                        "module.public_subnet",
                        "module.vpc"
                    ],
                    "primary": {
                        "id": "r-rtb-4af1a9221080289494",
                        "attributes": {
                            "destination_cidr_block": "0.0.0.0/0",
                            "destination_prefix_list_id": "",
                            "egress_only_gateway_id": "",
                            "gateway_id": "igw-56f6e93f",
                            "id": "r-rtb-4af1a9221080289494",
                            "instance_id": "",
                            "instance_owner_id": "",
                            "nat_gateway_id": "",
                            "network_interface_id": "",
                            "origin": "CreateRoute",
                            "route_table_id": "rtb-4af1a922",
                            "state": "active",
                            "vpc_peering_connection_id": ""
                        },
                        "meta": {},
                        "tainted": false
                    },
                    "deposed": [],
                    "provider": ""
                },
                "aws_route.public_igw_route.1": {
                    "type": "aws_route",
                    "depends_on": [
                        "module.public_subnet",
                        "module.vpc"
                    ],
                    "primary": {
                        "id": "r-rtb-15f2aa7d1080289494",
                        "attributes": {
                            "destination_cidr_block": "0.0.0.0/0",
                            "destination_prefix_list_id": "",
                            "egress_only_gateway_id": "",
                            "gateway_id": "igw-56f6e93f",
                            "id": "r-rtb-15f2aa7d1080289494",
                            "instance_id": "",
                            "instance_owner_id": "",
                            "nat_gateway_id": "",
                            "network_interface_id": "",
                            "origin": "CreateRoute",
                            "route_table_id": "rtb-15f2aa7d",
                            "state": "active",
                            "vpc_peering_connection_id": ""
                        },
                        "meta": {},
                        "tainted": false
                    },
                    "deposed": [],
                    "provider": ""
                },
                "null_resource.dummy_dependency": {
                    "type": "null_resource",
                    "depends_on": [
                        "module.nat"
                    ],
                    "primary": {
                        "id": "3459412881013302717",
                        "attributes": {
                            "id": "3459412881013302717"
                        },
                        "meta": {},
                        "tainted": false
                    },
                    "deposed": [],
                    "provider": ""
                }
            },
            "depends_on": []
        },
        {
            "path": [
                "root",
                "network",
                "nat"
            ],
            "outputs": {
                "ids": {
                    "sensitive": false,
                    "type": "list",
                    "value": [
                        "nat-04c7166172eef543a",
                        "nat-0ef8e84a8792bb4b1"
                    ]
                }
            },
            "resources": {
                "aws_eip.nat.0": {
                    "type": "aws_eip",
                    "depends_on": [],
                    "primary": {
                        "id": "eipalloc-01fcdd68",
                        "attributes": {
                            "association_id": "",
                            "domain": "vpc",
                            "id": "eipalloc-01fcdd68",
                            "instance": "",
                            "network_interface": "",
                            "private_ip": "",
                            "public_ip": "52.59.20.126",
                            "vpc": "true"
                        },
                        "meta": {},
                        "tainted": false
                    },
                    "deposed": [],
                    "provider": ""
                },
                "aws_eip.nat.1": {
                    "type": "aws_eip",
                    "depends_on": [],
                    "primary": {
                        "id": "eipalloc-cefadba7",
                        "attributes": {
                            "association_id": "",
                            "domain": "vpc",
                            "id": "eipalloc-cefadba7",
                            "instance": "",
                            "network_interface": "",
                            "private_ip": "",
                            "public_ip": "52.59.144.61",
                            "vpc": "true"
                        },
                        "meta": {},
                        "tainted": false
                    },
                    "deposed": [],
                    "provider": ""
                },
                "aws_nat_gateway.nat.0": {
                    "type": "aws_nat_gateway",
                    "depends_on": [
                        "aws_eip.nat.*"
                    ],
                    "primary": {
                        "id": "nat-04c7166172eef543a",
                        "attributes": {
                            "allocation_id": "eipalloc-01fcdd68",
                            "id": "nat-04c7166172eef543a",
                            "network_interface_id": "eni-eea8fe81",
                            "private_ip": "172.16.0.227",
                            "public_ip": "52.59.20.126",
                            "subnet_id": "subnet-e2a8848a"
                        },
                        "meta": {},
                        "tainted": false
                    },
                    "deposed": [],
                    "provider": ""
                },
                "aws_nat_gateway.nat.1": {
                    "type": "aws_nat_gateway",
                    "depends_on": [
                        "aws_eip.nat.*"
                    ],
                    "primary": {
                        "id": "nat-0ef8e84a8792bb4b1",
                        "attributes": {
                            "allocation_id": "eipalloc-cefadba7",
                            "id": "nat-0ef8e84a8792bb4b1",
                            "network_interface_id": "eni-59418d28",
                            "private_ip": "172.16.1.39",
                            "public_ip": "52.59.144.61",
                            "subnet_id": "subnet-a92b40d3"
                        },
                        "meta": {},
                        "tainted": false
                    },
                    "deposed": [],
                    "provider": ""
                }
            },
            "depends_on": []
        },
        {
            "path": [
                "root",
                "network",
                "private_subnet"
            ],
            "outputs": {
                "ids": {
                    "sensitive": false,
                    "type": "list",
                    "value": [
                        "subnet-85af83ed",
                        "subnet-e729429d"
                    ]
                },
                "route_table_ids": {
                    "sensitive": false,
                    "type": "list",
                    "value": [
                        "rtb-50f3ab38",
                        "rtb-14f2aa7c"
                    ]
                }
            },
            "resources": {
                "aws_route_table.subnet.0": {
                    "type": "aws_route_table",
                    "depends_on": [],
                    "primary": {
                        "id": "rtb-50f3ab38",
                        "attributes": {
                            "id": "rtb-50f3ab38",
                            "propagating_vgws.#": "0",
                            "route.#": "0",
                            "tags.%": "1",
                            "tags.name": "hello-world_private_subnet_eu-central-1a",
                            "vpc_id": "vpc-acd5b4c4"
                        },
                        "meta": {},
                        "tainted": false
                    },
                    "deposed": [],
                    "provider": ""
                },
                "aws_route_table.subnet.1": {
                    "type": "aws_route_table",
                    "depends_on": [],
                    "primary": {
                        "id": "rtb-14f2aa7c",
                        "attributes": {
                            "id": "rtb-14f2aa7c",
                            "propagating_vgws.#": "0",
                            "route.#": "0",
                            "tags.%": "1",
                            "tags.name": "hello-world_private_subnet_eu-central-1b",
                            "vpc_id": "vpc-acd5b4c4"
                        },
                        "meta": {},
                        "tainted": false
                    },
                    "deposed": [],
                    "provider": ""
                },
                "aws_route_table_association.subnet.0": {
                    "type": "aws_route_table_association",
                    "depends_on": [
                        "aws_route_table.subnet.*",
                        "aws_subnet.subnet.*"
                    ],
                    "primary": {
                        "id": "rtbassoc-b50cdede",
                        "attributes": {
                            "id": "rtbassoc-b50cdede",
                            "route_table_id": "rtb-50f3ab38",
                            "subnet_id": "subnet-85af83ed"
                        },
                        "meta": {},
                        "tainted": false
                    },
                    "deposed": [],
                    "provider": ""
                },
                "aws_route_table_association.subnet.1": {
                    "type": "aws_route_table_association",
                    "depends_on": [
                        "aws_route_table.subnet.*",
                        "aws_subnet.subnet.*"
                    ],
                    "primary": {
                        "id": "rtbassoc-2c0ddf47",
                        "attributes": {
                            "id": "rtbassoc-2c0ddf47",
                            "route_table_id": "rtb-14f2aa7c",
                            "subnet_id": "subnet-e729429d"
                        },
                        "meta": {},
                        "tainted": false
                    },
                    "deposed": [],
                    "provider": ""
                },
                "aws_subnet.subnet.0": {
                    "type": "aws_subnet",
                    "depends_on": [],
                    "primary": {
                        "id": "subnet-85af83ed",
                        "attributes": {
                            "assign_ipv6_address_on_creation": "false",
                            "availability_zone": "eu-central-1a",
                            "cidr_block": "172.16.21.0/24",
                            "id": "subnet-85af83ed",
                            "map_public_ip_on_launch": "false",
                            "tags.%": "1",
                            "tags.Name": "hello-world_private_subnet_eu-central-1a",
                            "vpc_id": "vpc-acd5b4c4"
                        },
                        "meta": {
                            "schema_version": "1"
                        },
                        "tainted": false
                    },
                    "deposed": [],
                    "provider": ""
                },
                "aws_subnet.subnet.1": {
                    "type": "aws_subnet",
                    "depends_on": [],
                    "primary": {
                        "id": "subnet-e729429d",
                        "attributes": {
                            "assign_ipv6_address_on_creation": "false",
                            "availability_zone": "eu-central-1b",
                            "cidr_block": "172.16.22.0/24",
                            "id": "subnet-e729429d",
                            "map_public_ip_on_launch": "false",
                            "tags.%": "1",
                            "tags.Name": "hello-world_private_subnet_eu-central-1b",
                            "vpc_id": "vpc-acd5b4c4"
                        },
                        "meta": {
                            "schema_version": "1"
                        },
                        "tainted": false
                    },
                    "deposed": [],
                    "provider": ""
                }
            },
            "depends_on": []
        },
        {
            "path": [
                "root",
                "network",
                "public_subnet"
            ],
            "outputs": {
                "ids": {
                    "sensitive": false,
                    "type": "list",
                    "value": [
                        "subnet-e2a8848a",
                        "subnet-a92b40d3"
                    ]
                },
                "route_table_ids": {
                    "sensitive": false,
                    "type": "list",
                    "value": [
                        "rtb-4af1a922",
                        "rtb-15f2aa7d"
                    ]
                }
            },
            "resources": {
                "aws_route_table.subnet.0": {
                    "type": "aws_route_table",
                    "depends_on": [],
                    "primary": {
                        "id": "rtb-4af1a922",
                        "attributes": {
                            "id": "rtb-4af1a922",
                            "propagating_vgws.#": "0",
                            "route.#": "0",
                            "tags.%": "1",
                            "tags.name": "hello-world_public_subnet_eu-central-1a",
                            "vpc_id": "vpc-acd5b4c4"
                        },
                        "meta": {},
                        "tainted": false
                    },
                    "deposed": [],
                    "provider": ""
                },
                "aws_route_table.subnet.1": {
                    "type": "aws_route_table",
                    "depends_on": [],
                    "primary": {
                        "id": "rtb-15f2aa7d",
                        "attributes": {
                            "id": "rtb-15f2aa7d",
                            "propagating_vgws.#": "0",
                            "route.#": "0",
                            "tags.%": "1",
                            "tags.name": "hello-world_public_subnet_eu-central-1b",
                            "vpc_id": "vpc-acd5b4c4"
                        },
                        "meta": {},
                        "tainted": false
                    },
                    "deposed": [],
                    "provider": ""
                },
                "aws_route_table_association.subnet.0": {
                    "type": "aws_route_table_association",
                    "depends_on": [
                        "aws_route_table.subnet.*",
                        "aws_subnet.subnet.*"
                    ],
                    "primary": {
                        "id": "rtbassoc-fd0ddf96",
                        "attributes": {
                            "id": "rtbassoc-fd0ddf96",
                            "route_table_id": "rtb-4af1a922",
                            "subnet_id": "subnet-e2a8848a"
                        },
                        "meta": {},
                        "tainted": false
                    },
                    "deposed": [],
                    "provider": ""
                },
                "aws_route_table_association.subnet.1": {
                    "type": "aws_route_table_association",
                    "depends_on": [
                        "aws_route_table.subnet.*",
                        "aws_subnet.subnet.*"
                    ],
                    "primary": {
                        "id": "rtbassoc-9b32e0f0",
                        "attributes": {
                            "id": "rtbassoc-9b32e0f0",
                            "route_table_id": "rtb-15f2aa7d",
                            "subnet_id": "subnet-a92b40d3"
                        },
                        "meta": {},
                        "tainted": false
                    },
                    "deposed": [],
                    "provider": ""
                },
                "aws_subnet.subnet.0": {
                    "type": "aws_subnet",
                    "depends_on": [],
                    "primary": {
                        "id": "subnet-e2a8848a",
                        "attributes": {
                            "assign_ipv6_address_on_creation": "false",
                            "availability_zone": "eu-central-1a",
                            "cidr_block": "172.16.0.0/24",
                            "id": "subnet-e2a8848a",
                            "map_public_ip_on_launch": "false",
                            "tags.%": "1",
                            "tags.Name": "hello-world_public_subnet_eu-central-1a",
                            "vpc_id": "vpc-acd5b4c4"
                        },
                        "meta": {
                            "schema_version": "1"
                        },
                        "tainted": false
                    },
                    "deposed": [],
                    "provider": ""
                },
                "aws_subnet.subnet.1": {
                    "type": "aws_subnet",
                    "depends_on": [],
                    "primary": {
                        "id": "subnet-a92b40d3",
                        "attributes": {
                            "assign_ipv6_address_on_creation": "false",
                            "availability_zone": "eu-central-1b",
                            "cidr_block": "172.16.1.0/24",
                            "id": "subnet-a92b40d3",
                            "map_public_ip_on_launch": "false",
                            "tags.%": "1",
                            "tags.Name": "hello-world_public_subnet_eu-central-1b",
                            "vpc_id": "vpc-acd5b4c4"
                        },
                        "meta": {
                            "schema_version": "1"
                        },
                        "tainted": false
                    },
                    "deposed": [],
                    "provider": ""
                }
            },
            "depends_on": []
        },
        {
            "path": [
                "root",
                "network",
                "security_group"
            ],
            "outputs": {},
            "resources": {
                "aws_security_group.allow_elb_https_http": {
                    "type": "aws_security_group",
                    "depends_on": [],
                    "primary": {
                        "id": "sg-4bf49020",
                        "attributes": {
                            "description": "Allow https and http inbound traffic",
                            "egress.#": "1",
                            "egress.482069346.cidr_blocks.#": "1",
                            "egress.482069346.cidr_blocks.0": "0.0.0.0/0",
                            "egress.482069346.from_port": "0",
                            "egress.482069346.ipv6_cidr_blocks.#": "0",
                            "egress.482069346.prefix_list_ids.#": "0",
                            "egress.482069346.protocol": "-1",
                            "egress.482069346.security_groups.#": "0",
                            "egress.482069346.self": "false",
                            "egress.482069346.to_port": "0",
                            "id": "sg-4bf49020",
                            "ingress.#": "2",
                            "ingress.2214680975.cidr_blocks.#": "1",
                            "ingress.2214680975.cidr_blocks.0": "0.0.0.0/0",
                            "ingress.2214680975.from_port": "80",
                            "ingress.2214680975.ipv6_cidr_blocks.#": "0",
                            "ingress.2214680975.protocol": "TCP",
                            "ingress.2214680975.security_groups.#": "0",
                            "ingress.2214680975.self": "false",
                            "ingress.2214680975.to_port": "80",
                            "ingress.2617001939.cidr_blocks.#": "1",
                            "ingress.2617001939.cidr_blocks.0": "0.0.0.0/0",
                            "ingress.2617001939.from_port": "443",
                            "ingress.2617001939.ipv6_cidr_blocks.#": "0",
                            "ingress.2617001939.protocol": "TCP",
                            "ingress.2617001939.security_groups.#": "0",
                            "ingress.2617001939.self": "false",
                            "ingress.2617001939.to_port": "443",
                            "name": "allow_https_http",
                            "owner_id": "156161676080",
                            "tags.%": "0",
                            "vpc_id": "vpc-acd5b4c4"
                        },
                        "meta": {},
                        "tainted": false
                    },
                    "deposed": [],
                    "provider": ""
                },
                "aws_security_group.allow_elb_to_app": {
                    "type": "aws_security_group",
                    "depends_on": [],
                    "primary": {
                        "id": "sg-acf490c7",
                        "attributes": {
                            "description": "Allow elb to app",
                            "egress.#": "1",
                            "egress.482069346.cidr_blocks.#": "1",
                            "egress.482069346.cidr_blocks.0": "0.0.0.0/0",
                            "egress.482069346.from_port": "0",
                            "egress.482069346.ipv6_cidr_blocks.#": "0",
                            "egress.482069346.prefix_list_ids.#": "0",
                            "egress.482069346.protocol": "-1",
                            "egress.482069346.security_groups.#": "0",
                            "egress.482069346.self": "false",
                            "egress.482069346.to_port": "0",
                            "id": "sg-acf490c7",
                            "ingress.#": "1",
                            "ingress.224763989.cidr_blocks.#": "2",
                            "ingress.224763989.cidr_blocks.0": "172.16.0.0/24",
                            "ingress.224763989.cidr_blocks.1": "172.16.1.0/24",
                            "ingress.224763989.from_port": "0",
                            "ingress.224763989.ipv6_cidr_blocks.#": "0",
                            "ingress.224763989.protocol": "-1",
                            "ingress.224763989.security_groups.#": "0",
                            "ingress.224763989.self": "false",
                            "ingress.224763989.to_port": "0",
                            "name": "allow_elb_to_app",
                            "owner_id": "156161676080",
                            "tags.%": "0",
                            "vpc_id": "vpc-acd5b4c4"
                        },
                        "meta": {},
                        "tainted": false
                    },
                    "deposed": [],
                    "provider": ""
                }
            },
            "depends_on": []
        },
        {
            "path": [
                "root",
                "network",
                "vpc"
            ],
            "outputs": {
                "cidr_block": {
                    "sensitive": false,
                    "type": "string",
                    "value": "172.16.0.0/16"
                },
                "id": {
                    "sensitive": false,
                    "type": "string",
                    "value": "vpc-acd5b4c4"
                },
                "igw": {
                    "sensitive": false,
                    "type": "string",
                    "value": "igw-56f6e93f"
                }
            },
            "resources": {
                "aws_internet_gateway.vpc": {
                    "type": "aws_internet_gateway",
                    "depends_on": [
                        "aws_vpc.vpc"
                    ],
                    "primary": {
                        "id": "igw-56f6e93f",
                        "attributes": {
                            "id": "igw-56f6e93f",
                            "tags.%": "1",
                            "tags.Name": "hello-world",
                            "vpc_id": "vpc-acd5b4c4"
                        },
                        "meta": {},
                        "tainted": false
                    },
                    "deposed": [],
                    "provider": ""
                },
                "aws_vpc.vpc": {
                    "type": "aws_vpc",
                    "depends_on": [],
                    "primary": {
                        "id": "vpc-acd5b4c4",
                        "attributes": {
                            "assign_generated_ipv6_cidr_block": "false",
                            "cidr_block": "172.16.0.0/16",
                            "default_network_acl_id": "acl-e3adf98b",
                            "default_route_table_id": "rtb-5df2aa35",
                            "default_security_group_id": "sg-70f4901b",
                            "dhcp_options_id": "dopt-6ae70903",
                            "enable_dns_hostnames": "true",
                            "enable_dns_support": "true",
                            "id": "vpc-acd5b4c4",
                            "instance_tenancy": "default",
                            "main_route_table_id": "rtb-5df2aa35",
                            "tags.%": "1",
                            "tags.Name": "hello-world"
                        },
                        "meta": {
                            "schema_version": "1"
                        },
                        "tainted": false
                    },
                    "deposed": [],
                    "provider": ""
                }
            },
            "depends_on": []
        }
    ]
}
